
Microsoft Visual Studio Solution File, Format Version 12.00
# Visual Studio Version 16
VisualStudioVersion = 16.0.30907.101
MinimumVisualStudioVersion = 10.0.40219.1
Project("{9A19103F-16F7-4668-BE54-9A1E7A4F7556}") = "Delivery", "Delivery\Delivery.csproj", "{2C3E55E0-F2B6-4358-912C-D43F18200C8E}"
EndProject
Project("{FAE04EC0-301F-11D3-BF4B-00C04F79EFBC}") = "Delivery.Test", "Delivery.Test\Delivery.Test.csproj", "{1461FF4A-A387-4F8A-AC00-5A850E945170}"
EndProject
Global
	GlobalSection(SolutionConfigurationPlatforms) = preSolution
		Debug|Any CPU = Debug|Any CPU
		Release|Any CPU = Release|Any CPU
	EndGlobalSection
	GlobalSection(ProjectConfigurationPlatforms) = postSolution
		{2C3E55E0-F2B6-4358-912C-D43F18200C8E}.Debug|Any CPU.ActiveCfg = Debug|Any CPU
		{2C3E55E0-F2B6-4358-912C-D43F18200C8E}.Debug|Any CPU.Build.0 = Debug|Any CPU
		{2C3E55E0-F2B6-4358-912C-D43F18200C8E}.Release|Any CPU.ActiveCfg = Release|Any CPU
		{2C3E55E0-F2B6-4358-912C-D43F18200C8E}.Release|Any CPU.Build.0 = Release|Any CPU
		{1461FF4A-A387-4F8A-AC00-5A850E945170}.Debug|Any CPU.ActiveCfg = Debug|Any CPU
		{1461FF4A-A387-4F8A-AC00-5A850E945170}.Debug|Any CPU.Build.0 = Debug|Any CPU
		{1461FF4A-A387-4F8A-AC00-5A850E945170}.Release|Any CPU.ActiveCfg = Release|Any CPU
		{1461FF4A-A387-4F8A-AC00-5A850E945170}.Release|Any CPU.Build.0 = Release|Any CPU
	EndGlobalSection
	GlobalSection(SolutionProperties) = preSolution
		HideSolutionNode = FALSE
	EndGlobalSection
	GlobalSection(ExtensibilityGlobals) = postSolution
		SolutionGuid = {2305A009-20F4-424C-A15C-ECFAC2ECE789}
	EndGlobalSection
EndGlobal
